github.com/QcloudApi/qcloud_sign_golang v0.0.0-20141224014652-e4130a326409/go.mod h1:1pk82RBxDY/JZnPQrtqHlUFfCctgdorsd9M06fMynOM=
github.com/aliyun/aliyun-oss-go-sdk v2.0.0/go.mod h1:T/Aws4fEfogEE9v+HPhhw+CntffsBHJ8nXQCwKr0/g8=
github.com/aliyun/aliyun-oss-go-sdk v2.2.1+incompatible h1:uuJIwCFhbZy+zdvLy5zrcIToPEQP0s5CFOZ0Zj03O/w=
github.com/aliyun/aliyun-oss-go-sdk v2.2.1+incompatible/go.mod h1:T/Aws4fEfogEE9v+HPhhw+CntffsBHJ8nXQCwKr0/g8=
github.com/baidubce/bce-sdk-go v0.9.108 h1:fHicj7lsoeQcu9XC1VJqGp6rO1QUNP4zbxQSzmkmxo0=
github.com/baidubce/bce-sdk-go v0.9.108/go.mod h1:zbYJMQwE4IZuyrJiFO8tO8NbtYiKTFTbwh4eIsqjVdg=
github.com/bitwormhole/starter v0.0.81/go.mod h1:3/UtKB8VwcmR5xf8mx4V7vgGLaej89LaoT+KuJKWL60=
github.com/bitwormhole/starter v0.1.5 h1:WKYzskMDu1kStoREvCviYIk2eOWYXpy2QYuYaX1Db80=
github.com/bitwormhole/starter v0.1.5/go.mod h1:3/UtKB8VwcmR5xf8mx4V7vgGLaej89LaoT+KuJKWL60=
github.com/bitwormhole/starter-gin v0.1.3 h1:kfRQ2J0o81FkCbNAxaq7g6i45k7bWIV15IoXqQ4OnFk=
github.com/bitwormhole/starter-gin v0.1.3/go.mod h1:YKJCKjpLEcA2ixRwY0FitdK4lgtjJT5WqzIOF8uFZDc=
github.com/bitwormhole/starter-gin-security v0.1.0 h1:c5DFfDtgnQ+phboyhSMSmdj2+rGiKQM+J/bUgWJ3WMY=
github.com/bitwormhole/starter-gin-security v0.1.0/go.mod h1:7sHhjiJ4MbSCxU9AYDjLynXGLkmssd0NKXo182RPqDE=
github.com/bitwormhole/starter-gin-security v0.1.1 h1:UUhCwEzNeNbdXyyLX02Wr4QX2uLdJbGKuDzc+YNYwmY=
github.com/bitwormhole/starter-gin-security v0.1.1/go.mod h1:wTAea4WCgrEdAMCc6Ugig6BPKYnTOd1HbRFK7ihVf8U=
github.com/bitwormhole/starter-gin-security v0.1.2 h1:9RD4OgyPqIWJxAHC6dJsns7nUyogRAjRBM1DcY3e+do=
github.com/bitwormhole/starter-gin-security v0.1.2/go.mod h1:wTAea4WCgrEdAMCc6Ugig6BPKYnTOd1HbRFK7ihVf8U=
github.com/bitwormhole/starter-gin-security v0.1.3 h1:pt7GLkEXh4vJct5fquustZ7BTIj7E9CAZsrhFGAAYvc=
github.com/bitwormhole/starter-gin-security v0.1.3/go.mod h1:wTAea4WCgrEdAMCc6Ugig6BPKYnTOd1HbRFK7ihVf8U=
github.com/bitwormhole/starter-gin-security v0.1.4 h1:bwTc/qqkLBN/HMZYMZ3TlfD6aUcmReLoByE0flPo/5A=
github.com/bitwormhole/starter-gin-security v0.1.4/go.mod h1:wTAea4WCgrEdAMCc6Ugig6BPKYnTOd1HbRFK7ihVf8U=
github.com/bitwormhole/starter-gin-security v0.1.5 h1:SN2zxLn7Reoyt226f4RS5HWW2wZ5bgv0exLIWmGF70w=
github.com/bitwormhole/starter-gin-security v0.1.5/go.mod h1:wTAea4WCgrEdAMCc6Ugig6BPKYnTOd1HbRFK7ihVf8U=
github.com/bitwormhole/starter-gin-security v0.1.6 h1:13rM819wpyX4MmY7acN1keMmsZq0G94lwwVtk8cq2rY=
github.com/bitwormhole/starter-gin-security v0.1.6/go.mod h1:wTAea4WCgrEdAMCc6Ugig6BPKYnTOd1HbRFK7ihVf8U=
github.com/bitwormhole/starter-gin-security v0.1.7 h1:Gof4w8UZXWAtbJFAF1D3gZZ5GIdrbQuEctCmaW2TDd4=
github.com/bitwormhole/starter-gin-security v0.1.7/go.mod h1:wTAea4WCgrEdAMCc6Ugig6BPKYnTOd1HbRFK7ihVf8U=
github.com/bitwormhole/starter-gin-security v0.1.8 h1:y2DEeuOcUEGqLmJlwZq0Jrkz2Cw49l+TcqJBniqvIuE=
github.com/bitwormhole/starter-gin-security v0.1.8/go.mod h1:bj1hYs2WS7L+zTBmuotPASHbb6zq6eZFq072Wzi2PZU=
github.com/bitwormhole/starter-gorm v0.0.7 h1:9S1lywtZ2RnOowIlTW4XH/wy9ixNj1o8gJNPLotLNJM=
github.com/bitwormhole/starter-gorm v0.0.7/go.mod h1:BVAKttIV5UnsQI5+fLI+96XFJP96xffx+3Gdh6N7t8w=
github.com/bitwormhole/starter-gorm-mysql v0.0.4 h1:rHYSQ+LAeJWo0hQqZH9hM9PS7PLciatxgXScJh5/5AE=
github.com/bitwormhole/starter-gorm-mysql v0.0.4/go.mod h1:ak7BYTA4SvLOsVw7pi7xoEnS1uvFtD3WCjqfn3m64Uw=
github.com/bitwormhole/starter-gorm-sqlserver v0.0.4 h1:rXWgbz4uGbiA757bbRC0GC7vi2VlPY3XLi4wrqzD3EI=
github.com/bitwormhole/starter-gorm-sqlserver v0.0.4/go.mod h1:e5L+UnkDR7os9JbFn+Yh/G5xei/Dixgcq/ZuvmemFW0=
github.com/bitwormhole/starter-mail v0.1.0 h1:ZfmfItYHlYgha0m7yIPz2wpo7EckznCbnNk7SKSOX5Y=
github.com/bitwormhole/starter-mail v0.1.0/go.mod h1:NgmePo+rk0pFLyxLDrctbmNl6BvLtjCfhQJsBqhnFK4=
github.com/bitwormhole/starter-object-bucket v0.1.0 h1:Up/1STopPH/eAxPaqXHyq3outZtIuRghOhOrjTJ0VBM=
github.com/bitwormhole/starter-object-bucket v0.1.0/go.mod h1:xnMPLr61IoJLAFuazQm4GkDC43k/ydSUkCyt2NUzvhM=
github.com/bitwormhole/starter-object-bucket v0.1.1 h1:ZpJEaiZu+h9dJNgPJhgsw0Tb7+tI2Obujv9g3s6s820=
github.com/bitwormhole/starter-object-bucket v0.1.1/go.mod h1:xnMPLr61IoJLAFuazQm4GkDC43k/ydSUkCyt2NUzvhM=
github.com/bitwormhole/starter-restful v0.1.2/go.mod h1:LYs12GhcdTvInF4kIhd73CpCN411MnjgJkyjE9Geoe0=
github.com/bitwormhole/starter-restful v0.1.4 h1:4k3vCzusP83MbNmjSKe+c9BS1C5iu3RA7aD2+hHyizE=
github.com/bitwormhole/starter-restful v0.1.4/go.mod h1:LYs12GhcdTvInF4kIhd73CpCN411MnjgJkyjE9Geoe0=
github.com/bitwormhole/starter-restful v0.1.5 h1:ReLUt03xnR/5Z91UiBoTzDwTsKJzoXmFUrl80YyKWZM=
github.com/bitwormhole/starter-restful v0.1.5/go.mod h1:LYs12GhcdTvInF4kIhd73CpCN411MnjgJkyjE9Geoe0=
github.com/bitwormhole/starter-security v0.1.4 h1:ac+AdHADfh05gHQ/S4+2J3fIPP8Il7DMuE5UWZ9Tlqo=
github.com/bitwormhole/starter-security v0.1.4/go.mod h1:7WRivhvxrevJZgUTrkxa9amKXxXROHm9AogWwK/GoAc=
github.com/bitwormhole/starter-security v0.1.5 h1:olrU7wEbS3IhESW7CexDk5sRdK6iRPpD9JB43WExlRE=
github.com/bitwormhole/starter-security v0.1.5/go.mod h1:7WRivhvxrevJZgUTrkxa9amKXxXROHm9AogWwK/GoAc=
github.com/bitwormhole/starter-security v0.1.6 h1:ydqTKgKeoWSad9EBu3erO2vNNtKuysEbeJxGZ/nBJXc=
github.com/bitwormhole/starter-security v0.1.6/go.mod h1:7WRivhvxrevJZgUTrkxa9amKXxXROHm9AogWwK/GoAc=
github.com/clbanning/mxj v1.8.4 h1:HuhwZtbyvyOw+3Z1AowPkU87JkJUSv751ELWaiTpj8I=
github.com/clbanning/mxj v1.8.4/go.mod h1:BVjHeAH+rl9rs6f+QIpeRl0tfu10SXn1pUSa5PVGJng=
github.com/davecgh/go-spew v1.1.0/go.mod h1:J7Y8YcW2NihsgmVo/mv3lAwl/skON4iLHjSsI+c5H38=
github.com/davecgh/go-spew v1.1.1/go.mod h1:J7Y8YcW2NihsgmVo/mv3lAwl/skON4iLHjSsI+c5H38=
github.com/denisenkom/go-mssqldb v0.11.0 h1:9rHa233rhdOyrz2GcP9NM+gi2psgJZ4GWDpL/7ND8HI=
github.com/denisenkom/go-mssqldb v0.11.0/go.mod h1:xbL0rPBG9cCiLr28tMa8zpbdarY27NDyej4t/EjAShU=
github.com/gin-contrib/sse v0.1.0 h1:Y/yl/+YNO8GZSjAhjMsSuLt29uWRFHdHYUb5lYOV9qE=
github.com/gin-contrib/sse v0.1.0/go.mod h1:RHrZQHXnP2xjPF+u1gW/2HnVO7nvIa9PG3Gm+fLHvGI=
github.com/gin-gonic/gin v1.7.7 h1:3DoBmSbJbZAWqXJC3SLjAPfutPJJRN1U5pALB7EeTTs=
github.com/gin-gonic/gin v1.7.7/go.mod h1:axIBovoeJpVj8S3BwE0uPMTeReE4+AfFtqpqaZ1qq1U=
github.com/go-playground/assert/v2 v2.0.1/go.mod h1:VDjEfimB/XKnb+ZQfWdccd7VUvScMdVu0Titje2rxJ4=
github.com/go-playground/locales v0.13.0 h1:HyWk6mgj5qFqCT5fjGBuRArbVDfE4hi8+e8ceBS/t7Q=
github.com/go-playground/locales v0.13.0/go.mod h1:taPMhCMXrRLJO55olJkUXHZBHCxTMfnGwq/HNwmWNS8=
github.com/go-playground/universal-translator v0.17.0 h1:icxd5fm+REJzpZx7ZfpaD876Lmtgy7VtROAbHHXk8no=
github.com/go-playground/universal-translator v0.17.0/go.mod h1:UkSxE5sNxxRwHyU+Scu5vgOQjsIJAF8j9muTVoKLVtA=
github.com/go-playground/validator/v10 v10.4.1 h1:pH2c5ADXtd66mxoE0Zm9SUhxE20r7aM3F26W0hOn+GE=
github.com/go-playground/validator/v10 v10.4.1/go.mod h1:nlOn6nFhuKACm19sB/8EGNn9GlaMV7XkbRSipzJ0Ii4=
github.com/go-sql-driver/mysql v1.6.0 h1:BCTh4TKNUYmOmMUcQ3IipzF5prigylS7XXjEkfCHuOE=
github.com/go-sql-driver/mysql v1.6.0/go.mod h1:DCzpHaOWr8IXmIStZouvnhqoel9Qv2LBy8hT2VhHyBg=
github.com/golang-sql/civil v0.0.0-20190719163853-cb61b32ac6fe h1:lXe2qZdvpiX5WZkZR4hgp4KJVfY3nMkvmwbVkpv1rVY=
github.com/golang-sql/civil v0.0.0-20190719163853-cb61b32ac6fe/go.mod h1:8vg3r2VgvsThLBIFL93Qb5yWzgyZWhEmBwUJWevAkK0=
github.com/golang/protobuf v1.3.3 h1:gyjaxf+svBWX08ZjK86iN9geUJF0H6gp2IRKX6Nf6/I=
github.com/golang/protobuf v1.3.3/go.mod h1:vzj43D7+SQXF/4pzW/hwtAqwc6iTitCiVSaWz5lYuqw=
github.com/google/go-cmp v0.5.2/go.mod h1:v8dTdLbMG2kIc/vJvl+f65V22dbkXbowE6jgT/gNBxE=
github.com/google/go-querystring v1.0.0/go.mod h1:odCYkC5MyYFN7vkCjXpyrEuKhc/BUO6wN/zVPAxq5ck=
github.com/google/go-querystring v1.1.0 h1:AnCroh3fv4ZBgVIf1Iwtovgjaw/GiKJo8M8yD/fhyJ8=
github.com/google/go-querystring v1.1.0/go.mod h1:Kcdr2DB4koayq7X8pmAG4sNG59So17icRSOU623lUBU=
github.com/google/gofuzz v1.0.0/go.mod h1:dBl0BpW6vV/+mYPU4Po3pmUjxk6FQPldtuIdl/M65Eg=
github.com/google/uuid v1.1.1/go.mod h1:TIyPZe4MgqvfeYDBFedMoGGpEw/LqOeaOT+nhxU+yHo=
github.com/huaweicloud/huaweicloud-sdk-go-obs v3.21.12+incompatible h1:tANYIteuFrosKbRYUk1Yo/OGJjbt4x3OVg211Qc60M0=
github.com/huaweicloud/huaweicloud-sdk-go-obs v3.21.12+incompatible/go.mod h1:l7VUhRbTKCzdOacdT4oWCwATKyvZqUOlOqr0Ous3k4s=
github.com/jinzhu/inflection v1.0.0 h1:K317FqzuhWc8YvSVlFMCCUb36O/S9MCKRDI7QkRKD/E=
github.com/jinzhu/inflection v1.0.0/go.mod h1:h+uFLlag+Qp1Va5pdKtLDYj+kHp5pxUVkryuEj+Srlc=
github.com/jinzhu/now v1.1.2/go.mod h1:d3SSVoowX0Lcu0IBviAWJpolVfI5UJVZZ7cO71lE/z8=
github.com/jinzhu/now v1.1.3 h1:PlHq1bSCSZL9K0wUhbm2pGLoTWs2GwVhsP6emvGV/ZI=
github.com/jinzhu/now v1.1.3/go.mod h1:d3SSVoowX0Lcu0IBviAWJpolVfI5UJVZZ7cO71lE/z8=
github.com/json-iterator/go v1.1.9 h1:9yzud/Ht36ygwatGx56VwCZtlI/2AD15T1X2sjSuGns=
github.com/json-iterator/go v1.1.9/go.mod h1:KdQUCv79m/52Kvf8AW2vK1V8akMuk1QjK/uOdHXbAo4=
github.com/leodido/go-urn v1.2.0 h1:hpXL4XnriNwQ/ABnpepYM/1vCLWNDfUNts8dX3xTG6Y=
github.com/leodido/go-urn v1.2.0/go.mod h1:+8+nEpDfqqsY+g338gtMEUOtuK+4dEMhiQEgxpxOKII=
github.com/mattn/go-isatty v0.0.12 h1:wuysRhFDzyxgEmMf5xjvJ2M9dZoWAXNNr5LSBS7uHXY=
github.com/mattn/go-isatty v0.0.12/go.mod h1:cbi8OIDigv2wuxKPP5vlRcQ1OAZbq2CE4Kysco4FUpU=
github.com/mitchellh/mapstructure v1.4.3 h1:OVowDSCllw/YjdLkam3/sm7wEtOy59d8ndGgCcyj8cs=
github.com/mitchellh/mapstructure v1.4.3/go.mod h1:bFUtVrKA4DC2yAKiSyO/QUcy7e+RRV2QTWOzhPopBRo=
github.com/modern-go/concurrent v0.0.0-20180228061459-e0a39a4cb421 h1:ZqeYNhU3OHLH3mGKHDcjJRFFRrJa6eAM5H+CtDdOsPc=
github.com/modern-go/concurrent v0.0.0-20180228061459-e0a39a4cb421/go.mod h1:6dJC0mAP4ikYIbvyc7fijjWJddQyLn8Ig3JB5CqoB9Q=
github.com/modern-go/reflect2 v0.0.0-20180701023420-4b7aa43c6742 h1:Esafd1046DLDQ0W1YjYsBW+p8U2u7vzgW2SQVmlNazg=
github.com/modern-go/reflect2 v0.0.0-20180701023420-4b7aa43c6742/go.mod h1:bx2lNnkwVCuqBIxFjflWJWanXIb3RllmbCylyMrvgv0=
github.com/mozillazg/go-httpheader v0.2.1/go.mod h1:jJ8xECTlalr6ValeXYdOF8fFUISeBAdw6E61aqQma60=
github.com/mozillazg/go-httpheader v0.3.0 h1:3brX5z8HTH+0RrNA1362Rc3HsaxyWEKtGY45YrhuINM=
github.com/mozillazg/go-httpheader v0.3.0/go.mod h1:PuT8h0pw6efvp8ZeUec1Rs7dwjK08bt6gKSReGMqtdA=
github.com/pmezard/go-difflib v1.0.0/go.mod h1:iKH77koFhYxTK1pcRnkKkqfTogsbg7gZNVY4sRDYZ/4=
github.com/stretchr/objx v0.1.0/go.mod h1:HFkY916IF+rwdDfMAkV7OtwuqBVzrE8GR6GFx+wExME=
github.com/stretchr/testify v1.3.0/go.mod h1:M5WIy9Dh21IEIfnGCwXGc5bZfKNJtfHm1UVUgZn+9EI=
github.com/stretchr/testify v1.4.0/go.mod h1:j7eGeouHqKxXV5pUuKE4zz7dFj8WfuZ+81PSLYec5m4=
github.com/tencentcloud/tencentcloud-sdk-go/tencentcloud/common v1.0.194/go.mod h1:7sCQWVkxcsR38nffDW057DRGk8mUjK1Ing/EFOK8s8Y=
github.com/tencentcloud/tencentcloud-sdk-go/tencentcloud/kms v1.0.194/go.mod h1:yrBKWhChnDqNz1xuXdSbWXG56XawEq0G5j1lg4VwBD4=
github.com/tencentyun/cos-go-sdk-v5 v0.7.34 h1:xm+Pg+6m486y4eugRI7/E4WasbVmpY1hp9QBSRErgp8=
github.com/tencentyun/cos-go-sdk-v5 v0.7.34/go.mod h1:4dCEtLHGh8QPxHEkgq+nFaky7yZxQuYwgSJM87icDaw=
github.com/ugorji/go v1.1.7 h1:/68gy2h+1mWMrwZFeD1kQialdSzAb432dtpeJ42ovdo=
github.com/ugorji/go v1.1.7/go.mod h1:kZn38zHttfInRq0xu/PH0az30d+z6vm202qpg1oXVMw=
github.com/ugorji/go/codec v1.1.7 h1:2SvQaVZ1ouYrrKKwoSk2pzd4A9evlKJb9oTL+OaLUSs=
github.com/ugorji/go/codec v1.1.7/go.mod h1:Ax+UKWsSmolVDwsd+7N3ZtXu+yMGCf907BLYF3GoBXY=
golang.org/x/crypto v0.0.0-20190308221718-c2843e01d9a2/go.mod h1:djNgcEr1/C05ACkg1iLfiJU5Ep61QUkGW8qpdssI0+w=
golang.org/x/crypto v0.0.0-20190325154230-a5d413f7728c/go.mod h1:djNgcEr1/C05ACkg1iLfiJU5Ep61QUkGW8qpdssI0+w=
golang.org/x/crypto v0.0.0-20200622213623-75b288015ac9 h1:psW17arqaxU48Z5kZ0CQnkZWQJsqcURM6tKiBApRjXI=
golang.org/x/crypto v0.0.0-20200622213623-75b288015ac9/go.mod h1:LzIPMQfyMNhhGPhUkYOs5KpL4U8rLKemX1yGLhDgUto=
golang.org/x/crypto v0.0.0-20210921155107-089bfa567519 h1:7I4JAnoQBe7ZtJcBaYHi5UtiO8tQHbUSXxL+pnGRANg=
golang.org/x/crypto v0.0.0-20210921155107-089bfa567519/go.mod h1:GvvjBRRGRdwPK5ydBHafDWAxML/pGHZbMvKqRZ5+Abc=
golang.org/x/net v0.0.0-20190404232315-eb5bcb51f2a3/go.mod h1:t9HGtf8HONx5eT2rtn7q6eTqICYqUVnKs3thJo3Qplg=
golang.org/x/net v0.0.0-20210226172049-e18ecbb05110/go.mod h1:m0MpNAwzfU5UDzcl9v0D8zg8gWTRqZa9RBIspLL5mdg=
golang.org/x/sys v0.0.0-20190215142949-d0b11bdaac8a/go.mod h1:STP8DvDyc/dI5b8T5hshtkjS+E42TnysNCUPdjciGhY=
golang.org/x/sys v0.0.0-20190412213103-97732733099d/go.mod h1:h1NjWce9XRLGQEsW7wpKNCjG9DtNlClVuFLEZdDNbEs=
golang.org/x/sys v0.0.0-20200116001909-b77594299b42/go.mod h1:h1NjWce9XRLGQEsW7wpKNCjG9DtNlClVuFLEZdDNbEs=
golang.org/x/sys v0.0.0-20201119102817-f84b799fce68/go.mod h1:h1NjWce9XRLGQEsW7wpKNCjG9DtNlClVuFLEZdDNbEs=
golang.org/x/sys v0.0.0-20210615035016-665e8c7367d1/go.mod h1:oPkhp1MJrh7nUepCBck5+mAzfO9JrbApNNgaTdGDITg=
golang.org/x/sys v0.0.0-20220209214540-3681064d5158 h1:rm+CHSpPEEW2IsXUib1ThaHIjuBVZjxNgSKmBLFfD4c=
golang.org/x/sys v0.0.0-20220209214540-3681064d5158/go.mod h1:oPkhp1MJrh7nUepCBck5+mAzfO9JrbApNNgaTdGDITg=
golang.org/x/sys v0.0.0-20220224120231-95c6836cb0e7 h1:BXxu8t6QN0G1uff4bzZzSkpsax8+ALqTGUtz08QrV00=
golang.org/x/sys v0.0.0-20220224120231-95c6836cb0e7/go.mod h1:oPkhp1MJrh7nUepCBck5+mAzfO9JrbApNNgaTdGDITg=
golang.org/x/term v0.0.0-20201126162022-7de9c90e9dd1/go.mod h1:bj7SfCRtBDWHUb9snDiAeCFNEtKQo2Wmx5Cou7ajbmo=
golang.org/x/text v0.3.0/go.mod h1:NqM8EUOU14njkJ3fqMW+pc6Ldnwhi/IjpwHt7yyuwOQ=
golang.org/x/text v0.3.2/go.mod h1:bEr9sfX3Q8Zfm5fL9x+3itogRgK3+ptLWKqgva+5dAk=
golang.org/x/text v0.3.3/go.mod h1:5Zoc/QRtKVWzQhOtBMvqHzDpF6irO9z98xDceosuGiQ=
golang.org/x/time v0.0.0-20220224211638-0e9765cccd65 h1:M73Iuj3xbbb9Uk1DYhzydthsj6oOd6l9bpuFcNoUvTs=
golang.org/x/time v0.0.0-20220224211638-0e9765cccd65/go.mod h1:tRJNPiyCQ0inRvYxbN9jk5I+vvW/OXSQhTDSoE431IQ=
golang.org/x/tools v0.0.0-20180917221912-90fa682c2a6e/go.mod h1:n7NCudcB/nEzxVGmLbDWY5pfWTLqBcC2KZ6jyYvM4mQ=
golang.org/x/xerrors v0.0.0-20191204190536-9bdfabe68543/go.mod h1:I/5z698sn9Ka8TeJc9MKroUUfqBBauWjQqLJ2OPfmY0=
gopkg.in/check.v1 v0.0.0-20161208181325-20d25e280405/go.mod h1:Co6ibVJAznAaIkqp8huTwlJQCZ016jof/cbN4VW5Yz0=
gopkg.in/yaml.v2 v2.2.2/go.mod h1:hI93XBmqTisBFMUTm0b8Fm+jr3Dg1NNxqwp+5A1VGuI=
gopkg.in/yaml.v2 v2.2.8 h1:obN1ZagJSUGI0Ek/LBmuj4SNLPfIny3KsKFopxRdj10=
gopkg.in/yaml.v2 v2.2.8/go.mod h1:hI93XBmqTisBFMUTm0b8Fm+jr3Dg1NNxqwp+5A1VGuI=
gorm.io/driver/mysql v1.2.1 h1:h+3f1l9Ng2C072Y2tIiLgPpWN78r1KXL7bHJ0nTjlhU=
gorm.io/driver/mysql v1.2.1/go.mod h1:qsiz+XcAyMrS6QY+X3M9R6b/lKM1imKmcuK9kac5LTo=
gorm.io/driver/sqlserver v1.2.1 h1:KhGOjvPX7JZ5hPyQICTJfMuTz88zgJ2lk9bWiHVNHd8=
gorm.io/driver/sqlserver v1.2.1/go.mod h1:nixq0OB3iLXZDiPv6JSOjWuPgpyaRpOIIevYtA4Ulb4=
gorm.io/gorm v1.22.2/go.mod h1:F+OptMscr0P2F2qU97WT1WimdH9GaQPoDW7AYd5i2Y0=
gorm.io/gorm v1.22.4 h1:8aPcyEJhY0MAt8aY6Dc524Pn+pO29K+ydu+e/cXSpQM=
gorm.io/gorm v1.22.4/go.mod h1:1aeVC+pe9ZmvKZban/gW4QPra7PRoTEssyc922qCAkk=
